{
  "lockfileVersion": 1,
  "configVersion": 1,
  "workspaces": {
    "": {
      "name": "my-actions",
      "devDependencies": {
        "@types/node": "^25.5.0",
        "ejs": "^5.0.1",
        "glob": "^13.0.6",
        "husky": "^9.1.7",
        "nodemon": "^3.1.14",
        "npm": "^1.4.29",
        "prettier": "^3.8.1",
        "yaml": "^2.8.3",
      },
    },
  },
  "packages": {
    "@types/node": ["@types/node@25.5.0", "", { "dependencies": { "undici-types": "~7.18.0" } }, "sha512-jp2P3tQMSxWugkCUKLRPVUpGaL5MVFwF8RDuSRztfwgN1wmqJeMSbKlnEtQqU8UrhTmzEmZdu2I6v2dpp7XIxw=="],

    "anymatch": ["anymatch@3.1.3", "", { "dependencies": { "normalize-path": "^3.0.0", "picomatch": "^2.0.4" } }, "sha512-KMReFUr0B4t+D+OBkjR3KYqvocp2XaSzO55UcB6mgQMd3KbcE+mWTyvVV7D/zsdEbNnV6acZUutkiHQXvTr1Rw=="],

    "balanced-match": ["balanced-match@4.0.4", "", {}, "sha512-BLrgEcRTwX2o6gGxGOCNyMvGSp35YofuYzw9h1IMTRmKqttAZZVU67bdb9Pr2vUHA8+j3i2tJfjO6C6+4myGTA=="],

    "binary-extensions": ["binary-extensions@2.3.0", "", {}, "sha512-Ceh+7ox5qe7LJuLHoY0feh3pHuUDHAcRUeyL2VYghZwfpkNIy/+8Ocg0a3UuSoYzavmylwuLWQOf3hl0jjMMIw=="],

    "brace-expansion": ["brace-expansion@5.0.5", "", { "dependencies": { "balanced-match": "^4.0.2" } }, "sha512-VZznLgtwhn+Mact9tfiwx64fA9erHH/MCXEUfB/0bX/6Fz6ny5EGTXYltMocqg4xFAQZtnO3DHWWXi8RiuN7cQ=="],

    "braces": ["braces@3.0.3", "", { "dependencies": { "fill-range": "^7.1.1" } }, "sha512-yQbXgO/OSZVD2IsiLlro+7Hf6Q18EJrKSEsdoMzKePKXct3gvD8oLcOQdIzGupr5Fj+EDe8gO/lxc1BzfMpxvA=="],

    "chokidar": ["chokidar@3.6.0", "", { "dependencies": { "anymatch": "~3.1.2", "braces": "~3.0.2", "glob-parent": "~5.1.2", "is-binary-path": "~2.1.0", "is-glob": "~4.0.1", "normalize-path": "~3.0.0", "readdirp": "~3.6.0" }, "optionalDependencies": { "fsevents": "~2.3.2" } }, "sha512-7VT13fmjotKpGipCW9JEQAusEPE+Ei8nl6/g4FBAmIm0GOOLMua9NDDo/DWp0ZAxCr3cPq5ZpBqmPAQgDda2Pw=="],

    "debug": ["debug@4.4.3", "", { "dependencies": { "ms": "^2.1.3" } }, "sha512-RGwwWnwQvkVfavKVt22FGLw+xYSdzARwm0ru6DhTVA3umU5hZc28V3kO4stgYryrTlLpuvgI9GiijltAjNbcqA=="],

    "ejs": ["ejs@5.0.1", "", { "bin": { "ejs": "bin/cli.js" } }, "sha512-COqBPFMxuPTPspXl2DkVYaDS3HtrD1GpzOGkNTJ1IYkifq/r9h8SVEFrjA3D9/VJGOEoMQcrlhpntcSUrM8k6A=="],

    "fill-range": ["fill-range@7.1.1", "", { "dependencies": { "to-regex-range": "^5.0.1" } }, "sha512-YsGpe3WHLK8ZYi4tWDg2Jy3ebRz2rXowDxnld4bkQB00cc/1Zw9AWnC0i9ztDJitivtQvaI9KaLyKrc+hBW0yg=="],

    "fsevents": ["fsevents@2.3.3", "", { "os": "darwin" }, "sha512-5xoDfX+fL7faATnagmWPpbFtwh/R77WmMMqqHGS65C3vvB0YHrgF+B1YmZ3441tMj5n63k0212XNoJwzlhffQw=="],

    "glob": ["glob@13.0.6", "", { "dependencies": { "minimatch": "^10.2.2", "minipass": "^7.1.3", "path-scurry": "^2.0.2" } }, "sha512-Wjlyrolmm8uDpm/ogGyXZXb1Z+Ca2B8NbJwqBVg0axK9GbBeoS7yGV6vjXnYdGm6X53iehEuxxbyiKp8QmN4Vw=="],

    "glob-parent": ["glob-parent@5.1.2", "", { "dependencies": { "is-glob": "^4.0.1" } }, "sha512-AOIgSQCepiJYwP3ARnGx+5VnTu2HBYdzbGP45eLw1vr3zB3vZLeyed1sC9hnbcOc9/SrMyM5RPQrkGz4aS9Zow=="],

    "has-flag": ["has-flag@3.0.0", "", {}, "sha512-sKJf1+ceQBr4SMkvQnBDNDtf4TXpVhVGateu0t918bl30FnbE2m4vNLX+VWe/dpjlb+HugGYzW7uQXH98HPEYw=="],

    "husky": ["husky@9.1.7", "", { "bin": { "husky": "bin.js" } }, "sha512-5gs5ytaNjBrh5Ow3zrvdUUY+0VxIuWVL4i9irt6friV+BqdCfmV11CQTWMiBYWHbXhco+J1kHfTOUkePhCDvMA=="],

    "ignore-by-default": ["ignore-by-default@1.0.1", "", {}, "sha512-Ius2VYcGNk7T90CppJqcIkS5ooHUZyIQK+ClZfMfMNFEF9VSE73Fq+906u/CWu92x4gzZMWOwfFYckPObzdEbA=="],

    "is-binary-path": ["is-binary-path@2.1.0", "", { "dependencies": { "binary-extensions": "^2.0.0" } }, "sha512-ZMERYes6pDydyuGidse7OsHxtbI7WVeUEozgR/g7rd0xUimYNlvZRE/K2MgZTjWy725IfelLeVcEM97mmtRGXw=="],

    "is-extglob": ["is-extglob@2.1.1", "", {}, "sha512-SbKbANkN603Vi4jEZv49LeVJMn4yGwsbzZworEoyEiutsN3nJYdbO36zfhGJ6QEDpOZIFkDtnq5JRxmvl3jsoQ=="],

    "is-glob": ["is-glob@4.0.3", "", { "dependencies": { "is-extglob": "^2.1.1" } }, "sha512-xelSayHH36ZgE7ZWhli7pW34hNbNl8Ojv5KVmkJD4hBdD3th8Tfk9vYasLM+mXWOZhFkgZfxhLSnrwRr4elSSg=="],

    "is-number": ["is-number@7.0.0", "", {}, "sha512-41Cifkg6e8TylSpdtTpeLVMqvSBEVzTttHvERD741+pnZ8ANv0004MRL43QKPDlK9cGvNp6NZWZUBlbGXYxxng=="],

    "lru-cache": ["lru-cache@11.2.7", "", {}, "sha512-aY/R+aEsRelme17KGQa/1ZSIpLpNYYrhcrepKTZgE+W3WM16YMCaPwOHLHsmopZHELU0Ojin1lPVxKR0MihncA=="],

    "minimatch": ["minimatch@10.2.4", "", { "dependencies": { "brace-expansion": "^5.0.2" } }, "sha512-oRjTw/97aTBN0RHbYCdtF1MQfvusSIBQM0IZEgzl6426+8jSC0nF1a/GmnVLpfB9yyr6g6FTqWqiZVbxrtaCIg=="],

    "minipass": ["minipass@7.1.3", "", {}, "sha512-tEBHqDnIoM/1rXME1zgka9g6Q2lcoCkxHLuc7ODJ5BxbP5d4c2Z5cGgtXAku59200Cx7diuHTOYfSBD8n6mm8A=="],

    "ms": ["ms@2.1.3", "", {}, "sha512-6FlzubTLZG3J2a/NVCAleEhjzq5oxgHyaCU9yYXvcLsvoVaHJq/s5xXI6/XXP6tz7R9xAOtHnSO/tXtF3WRTlA=="],

    "nodemon": ["nodemon@3.1.14", "", { "dependencies": { "chokidar": "^3.5.2", "debug": "^4", "ignore-by-default": "^1.0.1", "minimatch": "^10.2.1", "pstree.remy": "^1.1.8", "semver": "^7.5.3", "simple-update-notifier": "^2.0.0", "supports-color": "^5.5.0", "touch": "^3.1.0", "undefsafe": "^2.0.5" }, "bin": { "nodemon": "bin/nodemon.js" } }, "sha512-jakjZi93UtB3jHMWsXL68FXSAosbLfY0In5gtKq3niLSkrWznrVBzXFNOEMJUfc9+Ke7SHWoAZsiMkNP3vq6Jw=="],

    "normalize-path": ["normalize-path@3.0.0", "", {}, "sha512-6eZs5Ls3WtCisHWp9S2GUy8dqkpGi4BVSz3GaqiE6ezub0512ESztXUwUB6C6IKbQkY2Pnb/mD4WYojCRwcwLA=="],

    "npm": ["npm@1.4.29", "", { "dependencies": { "abbrev": "~1.0.5", "ansi": "~0.3.0", "ansicolors": "~0.3.2", "ansistyles": "~0.1.3", "archy": "0", "block-stream": "0.0.7", "char-spinner": "~1.0.1", "child-process-close": "~0.1.1", "chmodr": "~0.1.0", "chownr": "0", "cmd-shim": "2.0.0", "columnify": "~1.2.1", "editor": "~0.1.0", "fstream": "~1.0.2", "fstream-npm": "~1.0.0", "github-url-from-git": "~1.4.0", "github-url-from-username-repo": "~1.0.0", "glob": "~4.0.5", "graceful-fs": "~3.0.0", "inflight": "~1.0.1", "inherits": "*", "ini": "~1.2.0", "init-package-json": "~1.0.0", "lockfile": "~1.0.0", "lru-cache": "~2.5.0", "minimatch": "~1.0.0", "mkdirp": "~0.5.0", "node-gyp": "~1.0.1", "nopt": "~3.0.1", "npm-cache-filename": "~1.0.1", "npm-install-checks": "~1.0.2", "npm-registry-client": "~2.0.7", "npm-user-validate": "~0.1.0", "npmconf": "~1.1.8", "npmlog": "~0.1.1", "once": "~1.3.0", "opener": "~1.3.0", "osenv": "~0.1.0", "path-is-inside": "~1.0.0", "read": "~1.0.4", "read-installed": "~2.0.5", "read-package-json": "~1.2.7", "request": "~2.42.0", "retry": "~0.6.0", "rimraf": "~2.2.8", "semver": "~2.3.0", "sha": "~1.2.1", "slide": "~1.1.6", "sorted-object": "~1.0.0", "tar": "~1.0.1", "text-table": "~0.2.0", "uid-number": "0.0.5", "which": "1" }, "bin": { "npm": "./bin/npm-cli.js" } }, "sha512-iIQzagGYulHrj1gI2vXIHpoa6PztO8yTwTi6K6QzgVamSe9jr1ZOpKw9XcpmskohJthbG3ln8qnRpMEYGrN/YA=="],

    "path-scurry": ["path-scurry@2.0.2", "", { "dependencies": { "lru-cache": "^11.0.0", "minipass": "^7.1.2" } }, "sha512-3O/iVVsJAPsOnpwWIeD+d6z/7PmqApyQePUtCndjatj/9I5LylHvt5qluFaBT3I5h3r1ejfR056c+FCv+NnNXg=="],

    "picomatch": ["picomatch@2.3.2", "", {}, "sha512-V7+vQEJ06Z+c5tSye8S+nHUfI51xoXIXjHQ99cQtKUkQqqO1kO/KCJUfZXuB47h/YBlDhah2H3hdUGXn8ie0oA=="],

    "prettier": ["prettier@3.8.1", "", { "bin": { "prettier": "bin/prettier.cjs" } }, "sha512-UOnG6LftzbdaHZcKoPFtOcCKztrQ57WkHDeRD9t/PTQtmT0NHSeWWepj6pS0z/N7+08BHFDQVUrfmfMRcZwbMg=="],

    "pstree.remy": ["pstree.remy@1.1.8", "", {}, "sha512-77DZwxQmxKnu3aR542U+X8FypNzbfJ+C5XQDk3uWjWxn6151aIMGthWYRXTqT1E5oJvg+ljaa2OJi+VfvCOQ8w=="],

    "readdirp": ["readdirp@3.6.0", "", { "dependencies": { "picomatch": "^2.2.1" } }, "sha512-hOS089on8RduqdbhvQ5Z37A0ESjsqz6qnRcffsMU3495FuTdqSm+7bhJ29JvIOsBDEEnan5DPu9t3To9VRlMzA=="],

    "semver": ["semver@7.7.4", "", { "bin": { "semver": "bin/semver.js" } }, "sha512-vFKC2IEtQnVhpT78h1Yp8wzwrf8CM+MzKMHGJZfBtzhZNycRFnXsHk6E5TxIkkMsgNS7mdX3AGB7x2QM2di4lA=="],

    "simple-update-notifier": ["simple-update-notifier@2.0.0", "", { "dependencies": { "semver": "^7.5.3" } }, "sha512-a2B9Y0KlNXl9u/vsW6sTIu9vGEpfKu2wRV6l1H3XEas/0gUIzGzBoP/IouTcUQbm9JWZLH3COxyn03TYlFax6w=="],

    "supports-color": ["supports-color@5.5.0", "", { "dependencies": { "has-flag": "^3.0.0" } }, "sha512-QjVjwdXIt408MIiAqCX4oUKsgU2EqAGzs2Ppkm4aQYbjm+ZEWEcW4SfFNTr4uMNZma0ey4f5lgLrkB0aX0QMow=="],

    "to-regex-range": ["to-regex-range@5.0.1", "", { "dependencies": { "is-number": "^7.0.0" } }, "sha512-65P7iz6X5yEr1cwcgvQxbbIw7Uk3gOy5dIdtZ4rDveLqhrdJP+Li/Hx6tyK0NEb+2GCyneCMJiGqrADCSNk8sQ=="],

    "touch": ["touch@3.1.1", "", { "bin": { "nodetouch": "bin/nodetouch.js" } }, "sha512-r0eojU4bI8MnHr8c5bNo7lJDdI2qXlWWJk6a9EAFG7vbhTjElYhBVS3/miuE0uOuoLdb8Mc/rVfsmm6eo5o9GA=="],

    "undefsafe": ["undefsafe@2.0.5", "", {}, "sha512-WxONCrssBM8TSPRqN5EmsjVrsv4A8X12J4ArBiiayv3DyyG3ZlIg6yysuuSYdZsVz3TKcTg2fd//Ujd4CHV1iA=="],

    "undici-types": ["undici-types@7.18.2", "", {}, "sha512-AsuCzffGHJybSaRrmr5eHr81mwJU3kjw6M+uprWvCXiNeN9SOGwQ3Jn8jb8m3Z6izVgknn1R0FTCEAP2QrLY/w=="],

    "yaml": ["yaml@2.8.3", "", { "bin": { "yaml": "bin.mjs" } }, "sha512-AvbaCLOO2Otw/lW5bmh9d/WEdcDFdQp2Z2ZUH3pX9U2ihyUY0nvLv7J6TrWowklRGPYbB/IuIMfYgxaCPg5Bpg=="],

    "npm/abbrev": ["abbrev@1.0.9", "", { "bundled": true }, "sha512-LEyx4aLEC3x6T0UguF6YILf+ntvmOaWsVfENmIW0E9H09vKlLDGelMjjSm0jkDHALj8A8quZ/HapKNigzwge+Q=="],

    "npm/ansi": ["ansi@0.3.1", "", { "bundled": true }, "sha512-iFY7JCgHbepc0b82yLaw4IMortylNb6wG4kL+4R0C3iv6i+RHGHux/yUX5BTiRvSX/shMnngjR1YyNMnXEFh5A=="],

    "npm/ansi-regex": ["ansi-regex@0.2.1", "", {}, "sha512-sGwIGMjhYdW26/IhwK2gkWWI8DRCVO6uj3hYgHT+zD+QL1pa37tM3ujhyfcJIYSbsxp7Gxhy7zrRW/1AHm4BmA=="],

    "npm/ansicolors": ["ansicolors@0.3.2", "", { "bundled": true }, "sha512-QXu7BPrP29VllRxH8GwB7x5iX5qWKAAMLqKQGWTeLWVlNHNOpVMJ91dsxQAIWXpjuW5wqvxu3Jd/nRjrJ+0pqg=="],

    "npm/ansistyles": ["ansistyles@0.1.3", "", { "bundled": true }, "sha512-6QWEyvMgIXX0eO972y7YPBLSBsq7UWKFAoNNTLGaOJ9bstcEL9sCbcjf96dVfNDdUsRoGOK82vWFJlKApXds7g=="],

    "npm/aproba": ["aproba@2.1.0", "", {}, "sha512-tLIEcj5GuR2RSTnxNKdkK0dJ/GrC7P38sUkiDmDuHfsHmbagTFAxDVIBltoklXEVIQ/f14IL8IMJ5pn9Hez1Ew=="],

    "npm/archy": ["archy@0.0.2", "", { "bundled": true }, "sha512-8mMsetjXv4pCPTrMbPPO2cxy9vzJn2jwbd+ug+mf8fEUZG2E78Vo5erJMjrnGuLTKqOLtS5ulFHJSfg1yaCjxA=="],

    "npm/are-we-there-yet": ["are-we-there-yet@4.0.2", "", {}, "sha512-ncSWAawFhKMJDTdoAeOV+jyW1VCMj5QIAwULIBV0SSR7B/RLPPEQiknKcg/RIIZlUQrxELpsxMiTUoAQ4sIUyg=="],

    "npm/asn1": ["asn1@0.1.11", "", {}, "sha512-Fh9zh3G2mZ8qM/kwsiKwL2U2FmXxVsboP4x1mXjnhKHv3SmzaBZoYvxEQJz/YS2gnCgd8xlAVWcZnQyC9qZBsA=="],

    "npm/assert-plus": ["assert-plus@0.1.5", "", {}, "sha512-brU24g7ryhRwGCI2y+1dGQmQXiZF7TtIj583S96y0jjdajIe6wn8BuXyELYhvD22dtIxDQVFk04YTJwwdwOYJw=="],

    "npm/async": ["async@0.9.2", "", {}, "sha512-l6ToIJIotphWahxxHyzK9bnLR6kM4jJIIgLShZeqLY7iboHoGkdgFl7W2/Ivi4SkMJYGKqW8vSuk0uKUj6qsSw=="],

    "npm/aws-sign2": ["aws-sign2@0.5.0", "", {}, "sha512-oqUX0DM5j7aPWPCnpWebiyNIj2wiNI87ZxnOMoGv0aE4TGlBy2N+5iWc6dQ/NOKZaBD2W6PVz8jtOGkWzSC5EA=="],

    "npm/balanced-match": ["balanced-match@1.0.2", "", {}, "sha512-3oSeUO0TMV67hN1AmbXsK4yaqU7tjiHlbxRDZOpH0KW9+CeX4bRAaX0Anxt0tx2MrpRpWwQaPwIlISEJhYU5Pw=="],

    "npm/bl": ["bl@0.9.5", "", { "dependencies": { "readable-stream": "~1.0.26" } }, "sha512-njlCs8XLBIK7LCChTWfzWuIAxkpmmLXcL7/igCofFT1B039Sz0IPnAmosN5QaO22lU4qr8LcUz2ojUlE6pLkRQ=="],

    "npm/block-stream": ["block-stream@0.0.7", "", { "dependencies": { "inherits": "~2.0.0" }, "bundled": true }, "sha512-seLS47LJrubBQ/HIz6f6lWA5Ms00fdUKKCmdb5cnjn7P+aIJrUbBik9g/+e8KhFvx8r/w2N0pIXSKb/MwO4o7g=="],

    "npm/boom": ["boom@0.4.2", "", { "dependencies": { "hoek": "0.9.x" } }, "sha512-OvfN8y1oAxxphzkl2SnCS+ztV/uVKTATtgLjWYg/7KwcNyf3rzpHxNQJZCKtsZd4+MteKczhWbSjtEX4bGgU9g=="],

    "npm/brace-expansion": ["brace-expansion@1.1.13", "", { "dependencies": { "balanced-match": "^1.0.0", "concat-map": "0.0.1" } }, "sha512-9ZLprWS6EENmhEOpjCYW2c8VkmOvckIJZfkr7rBW6dObmfgJ/L1GpSYW5Hpo9lDz4D1+n0Ckz8rU7FwHDQiG/w=="],

    "npm/caseless": ["caseless@0.6.0", "", {}, "sha512-/X9C8oGbZJ95LwJyK4XvN9GSBgw/rqBnUg6mejGhf/GNfJukt5tzOXP+CJicXdWSqAX0ETaufLDxXuN2m4/mDg=="],

    "npm/char-spinner": ["char-spinner@1.0.1", "", { "bundled": true }, "sha512-acv43vqJ0+N0rD+Uw3pDHSxP30FHrywu2NO6/wBaHChJIizpDeBUd6NjqhNhy9LGaEAhZAXn46QzmlAvIWd16g=="],

    "npm/child-process-close": ["child-process-close@0.1.1", "", { "bundled": true }, "sha512-bTgVu7NFbjSd8t4tuC8TaZx+0wLki6LLA2nPiS0WhUsjvKKmsbwzC3HZDIRtz5f3oUOVAj0MAjVqdeK05LkWfw=="],

    "npm/chmodr": ["chmodr@0.1.2", "", { "bundled": true }, "sha512-3tq5dg/zS2kqcR16zx/JpxcpvKYgZm1eZ30ftGgSaT9Qo+HkXw/Mxu6HD4RNA55330f4+aRwb7OgWapqx714Xg=="],

    "npm/chownr": ["chownr@0.0.2", "", { "bundled": true }, "sha512-4sa7ZJ+/DavveVRsu49tUbYvLn5cS75w8gLQr14jXlFxSNbuoY7G6gPjcVfgdQ+c4BW02b0hXV5nOXYFD7Fmpw=="],

    "npm/clone": ["clone@1.0.4", "", {}, "sha512-JQHZ2QMW6l3aH/j6xCqQThY/9OH4D/9ls34cgkUBiEeocRTU04tHfKPBsUK1PqZCUQM7GiA0IIXJSuXHI64Kbg=="],

    "npm/cmd-shim": ["cmd-shim@2.0.0", "", { "dependencies": { "mkdirp": "~0.5.0" }, "optionalDependencies": { "graceful-fs": "2" }, "bundled": true }, "sha512-YeFz1Zc8GrE+gvED3s7PUjOy5eZfC+fkyocHO3i3x3pGxGh+rlB4FcB2PwxAGzM/TeKNAmkRV/64CCIFzMBvgA=="],

    "npm/color-support": ["color-support@1.1.3", "", { "bin": { "color-support": "bin.js" } }, "sha512-qiBjkpbMLO/HL68y+lh4q0/O1MZFj2RX6X/KmMa3+gJD3z+WwI1ZzDHysvqHGS3mP6mznPckpXmw1nI9cJjyRg=="],

    "npm/columnify": ["columnify@1.2.1", "", { "dependencies": { "strip-ansi": "^1.0.0", "wcwidth": "^1.0.0" }, "bundled": true }, "sha512-jFhLNpG1x2PK4mJNaOlyYBXFK9SebvKZZ4SUcZ13G2tKCXqDH9ODcP3mRfiUiT7l8mxsMtlYE+4gSZcw/qJ6Aw=="],

    "npm/combined-stream": ["combined-stream@0.0.7", "", { "dependencies": { "delayed-stream": "0.0.5" } }, "sha512-qfexlmLp9MyrkajQVyjEDb0Vj+KhRgR/rxLiVhaihlT+ZkX0lReqtH6Ack40CvMDERR4b5eFp3CreskpBs1Pig=="],

    "npm/concat-map": ["concat-map@0.0.1", "", {}, "sha512-/Srv4dswyQNBfohGpz9o6Yb3Gz3SrUDqBH5rTuhGR7ahtlbYKnVxw2bCFMRljaA7EXHaXZ8wsHdodFvbkhKmqg=="],

    "npm/config-chain": ["config-chain@1.1.13", "", { "dependencies": { "ini": "^1.3.4", "proto-list": "~1.2.1" } }, "sha512-qj+f8APARXHrM0hraqXYb2/bOVSV4PvJQlNZ/DVj0QrmNM2q2euizkeuVckQ57J+W0mRH6Hvi+k50M4Jul2VRQ=="],

    "npm/console-control-strings": ["console-control-strings@1.1.0", "", {}, "sha512-ty/fTekppD2fIwRvnZAVdeOiGd1c7YXEixbgJTNzqcxJWKQnjJ/V1bNEEE6hygpM3WjwHFUVK6HTjWSzV4a8sQ=="],

    "npm/core-util-is": ["core-util-is@1.0.3", "", {}, "sha512-ZQBvi1DcpJ4GDqanjucZ2Hj3wEO5pZDS89BWbkcrvdxksJorwUDDZamX9ldFkp9aw2lmBDLgkObEA4DWNJ9FYQ=="],

    "npm/cryptiles": ["cryptiles@0.2.2", "", { "dependencies": { "boom": "0.4.x" } }, "sha512-gvWSbgqP+569DdslUiCelxIv3IYK5Lgmq1UrRnk+s1WxQOQ16j3GPDcjdtgL5Au65DU/xQi6q3xPtf5Kta+3IQ=="],

    "npm/ctype": ["ctype@0.5.3", "", {}, "sha512-T6CEkoSV4q50zW3TlTHMbzy1E5+zlnNcY+yb7tWVYlTwPhx9LpnfAkd4wecpWknDyptp4k97LUZeInlf6jdzBg=="],

    "npm/defaults": ["defaults@1.0.4", "", { "dependencies": { "clone": "^1.0.2" } }, "sha512-eFuaLoy/Rxalv2kr+lqMlUnrDWV+3j4pljOIJgLIhI058IQfWJ7vXhyEIHu+HtC738klGALYxOKDO0bQP3tg8A=="],

    "npm/delayed-stream": ["delayed-stream@0.0.5", "", {}, "sha512-v+7uBd1pqe5YtgPacIIbZ8HuHeLFVNe4mUEyFDXL6KiqzEykjbw+5mXZXpGFgNVasdL4jWKgaKIXrEHiynN1LA=="],

    "npm/editor": ["editor@0.1.0", "", { "bundled": true }, "sha512-yfcYVVU8DGWFnC6q15C7GLSPqr1N14h2PLTfkCtIoZUU46jWMbKkOzK20jZ2u2C9pVKrjLfdnL/D5Up7mqONgQ=="],

    "npm/emoji-regex": ["emoji-regex@8.0.0", "", {}, "sha512-MSjYzcWNOA0ewAHpz0MxpYFvwg6yjy1NG3xteoqz644VCo/RPgnr1/GGt+ic3iJTzQ8Eu3TdM14SawnVUmGE6A=="],

    "npm/forever-agent": ["forever-agent@0.5.2", "", {}, "sha512-PDG5Ef0Dob/JsZUxUltJOhm/Y9mlteAE+46y3M9RBz/Rd3QVENJ75aGRhN56yekTUboaBIkd8KVWX2NjF6+91A=="],

    "npm/form-data": ["form-data@0.1.4", "", { "dependencies": { "async": "~0.9.0", "combined-stream": "~0.0.4", "mime": "~1.2.11" } }, "sha512-x8eE+nzFtAMA0YYlSxf/Qhq6vP1f8wSoZ7Aw1GuctBcmudCNuTUmmx45TfEplyb6cjsZO/jvh6+1VpZn24ez+w=="],

    "npm/fstream": ["fstream@1.0.12", "", { "dependencies": { "graceful-fs": "^4.1.2", "inherits": "~2.0.0", "mkdirp": ">=0.5 0", "rimraf": "2" }, "bundled": true }, "sha512-WvJ193OHa0GHPEL+AycEJgxvBEwyfRkN1vhjca23OaPVMCaLCXTd5qAu82AjTcgP1UJmytkOKb63Ypde7raDIg=="],

    "npm/fstream-ignore": ["fstream-ignore@1.0.5", "", { "dependencies": { "fstream": "^1.0.0", "inherits": "2", "minimatch": "^3.0.0" } }, "sha512-VVRuOs41VUqptEGiR0N5ZoWEcfGvbGRqLINyZAhHRnF3DH5wrqjNkYr3VbRoZnI41BZgO7zIVdiobc13TVI1ow=="],

    "npm/fstream-npm": ["fstream-npm@1.0.7", "", { "dependencies": { "fstream-ignore": "^1.0.0", "inherits": "2" }, "bundled": true }, "sha512-hTtpYKaIgUuyikFYUq8zDn4mYp6w+/uvosW7azVVFdJWANRAI5qFfffrhMHy83l/o/brMbsjrjV3SkkASMSXZg=="],

    "npm/gauge": ["gauge@5.0.2", "", { "dependencies": { "aproba": "^1.0.3 || ^2.0.0", "color-support": "^1.1.3", "console-control-strings": "^1.1.0", "has-unicode": "^2.0.1", "signal-exit": "^4.0.1", "string-width": "^4.2.3", "strip-ansi": "^6.0.1", "wide-align": "^1.1.5" } }, "sha512-pMaFftXPtiGIHCJHdcUUx9Rby/rFT/Kkt3fIIGCs+9PMDIljSyRiqraTlxNtBReJRDfUefpa263RQ3vnp5G/LQ=="],

    "npm/github-url-from-git": ["github-url-from-git@1.4.0", "", { "bundled": true }, "sha512-Vd1uAwEIbUaaYodSvEZRgMOdLUvY7+kZ+PuJNPVBXldTuVcHFtcLENvl2Ds9KKO9q6Ld2o+eVmA/wabaN3/2mQ=="],

    "npm/github-url-from-username-repo": ["github-url-from-username-repo@1.0.2", "", { "bundled": true }, "sha512-Tj8CQqRoFVTglGdQ8FQmfq8gOOoOYZX7tnOKP8jq8Hdz2OTDhxvtlkLAbrqMYZ7X/YdaYQoUG1IBWxISBfqZ+Q=="],

    "npm/glob": ["glob@4.0.6", "", { "dependencies": { "graceful-fs": "^3.0.2", "inherits": "2", "minimatch": "^1.0.0", "once": "^1.3.0" }, "bundled": true }, "sha512-D0H1thJnOVgI0zRV3H/Vmb9HWmDgGTTR7PeT8Lk0ri2kMmfK3oKQBolfqJuRpBVpTx5Q5PKGl9hdQEQNTXJI7Q=="],

    "npm/graceful-fs": ["graceful-fs@3.0.12", "", { "dependencies": { "natives": "^1.1.3" }, "bundled": true }, "sha512-J55gaCS4iTTJfTXIxSVw3EMQckcqkpdRv3IR7gu6sq0+tbC363Zx6KH/SEwXASK9JRbhyZmVjJEVJIOxYsB3Qg=="],

    "npm/has-unicode": ["has-unicode@2.0.1", "", {}, "sha512-8Rf9Y83NBReMnx0gFzA8JImQACstCYWUplepDa9xprwwtmgEZUF0h/i5xSA625zB/I37EtrswSST6OXxwaaIJQ=="],

    "npm/hawk": ["hawk@1.1.1", "", { "dependencies": { "boom": "0.4.x", "cryptiles": "0.2.x", "hoek": "0.9.x", "sntp": "0.2.x" } }, "sha512-am8sVA2bCJIw8fuuVcKvmmNnGFUGW8spTkVtj2fXTEZVkfN42bwFZFtDem57eFi+NSxurJB8EQ7Jd3uCHLn8Vw=="],

    "npm/hoek": ["hoek@0.9.1", "", {}, "sha512-ZZ6eGyzGjyMTmpSPYVECXy9uNfqBR7x5CavhUaLOeD6W0vWK1mp/b7O3f86XE0Mtfo9rZ6Bh3fnuw9Xr8MF9zA=="],

    "npm/http-signature": ["http-signature@0.10.1", "", { "dependencies": { "asn1": "0.1.11", "assert-plus": "^0.1.5", "ctype": "0.5.3" } }, "sha512-coK8uR5rq2IMj+Hen+sKPA5ldgbCc1/spPdKCL1Fw6h+D0s/2LzMcRK0Cqufs1h0ryx/niwBHGFu8HC3hwU+lA=="],

    "npm/inflight": ["inflight@1.0.6", "", { "dependencies": { "once": "^1.3.0", "wrappy": "1" }, "bundled": true }, "sha512-k92I/b08q4wvFscXCLvqfsHCrjrF7yiXsQuIVvVE7N82W3+aqpzuUdBbfhWcy/FZR3/4IgflMgKLOsvPDrGCJA=="],

    "npm/inherits": ["inherits@2.0.4", "", { "bundled": true }, "sha512-k/vGaX4/Yla3WzyMCvTQOXYeIHvqOKtnqBduzTHpzpQZzAskKMhZ2K+EnBiSM9zGSoIFeMpXKxa4dYeZIQqewQ=="],

    "npm/ini": ["ini@1.2.1", "", { "bundled": true }, "sha512-PPRGV0RPXb9U748Lxc17NPoSXcsXaglLchPRwpXSGnUnp+aSVPyxwDod4BX1WDLovubZWGmezFyBwy4FwQOLCQ=="],

    "npm/init-package-json": ["init-package-json@1.0.1", "", { "dependencies": { "glob": "^4.0.2", "promzard": "~0.2.0", "read": "~1.0.1", "read-package-json": "1", "semver": "2.x || 3.x || 4" }, "bundled": true }, "sha512-RGo656351cm8Lkp+0yAhKv/NeJlcz+p6J/8UWPXjBwoQfzJdGavgkTSI/gvsU8BXkxrITtQI+KWp2oFWXXa9wQ=="],

    "npm/is-fullwidth-code-point": ["is-fullwidth-code-point@3.0.0", "", {}, "sha512-zymm5+u+sCsSWyD9qNaejV3DFvhCKclKdizYaJUuHA83RLjb7nSuGnddCHGv0hk+KY7BMAlsWeK4Ueg6EV6XQg=="],

    "npm/isarray": ["isarray@0.0.1", "", {}, "sha512-D2S+3GLxWH+uhrNEcoh/fnmYeP8E8/zHl644d/jdA0g2uyXvy3sb0qxotE+ne0LtccHknQzWwZEzhak7oJ0COQ=="],

    "npm/isexe": ["isexe@2.0.0", "", {}, "sha512-RHxMLp9lnKHGHRng9QFhRCMbYAcVpn69smSGcq3f36xjgVVWThj4qqLbTLlq7Ssj8B+fIQ1EuCEGI2lKsyQeIw=="],

    "npm/json-stringify-safe": ["json-stringify-safe@5.0.1", "", {}, "sha512-ZClg6AaYvamvYEE82d3Iyd3vSSIjQ+odgjaTzRuO3s7toCdFKczob2i0zCh7JE8kWn17yvAWhUVxvqGwUalsRA=="],

    "npm/lockfile": ["lockfile@1.0.4", "", { "dependencies": { "signal-exit": "^3.0.2" }, "bundled": true }, "sha512-cvbTwETRfsFh4nHsL1eGWapU1XFi5Ot9E85sWAwia7Y7EgB7vfqcZhTKZ+l7hCGxSPoushMv5GKhT5PdLv03WA=="],

    "npm/lru-cache": ["lru-cache@2.5.2", "", { "bundled": true }, "sha512-wyqfj+623mgqv+bpjTdivSoC/LtY9oOrmKz2Cke0NZcgYW9Kce/qWjd9e5PDYf8wuiKfVeo8VnyOSSyeRiUsLw=="],

    "npm/mime": ["mime@1.2.11", "", {}, "sha512-Ysa2F/nqTNGHhhm9MV8ure4+Hc+Y8AWiqUdHxsO7xu8zc92ND9f3kpALHjaP026Ft17UfxrMt95c50PLUeynBw=="],

    "npm/mime-types": ["mime-types@1.0.2", "", {}, "sha512-echfutj/t5SoTL4WZpqjA1DCud1XO0WQF3/GJ48YBmc4ZMhCK77QA6Z/w6VTQERLKuJ4drze3kw2TUT8xZXVNw=="],

    "npm/minimatch": ["minimatch@1.0.0", "", { "dependencies": { "lru-cache": "2", "sigmund": "~1.0.0" }, "bundled": true }, "sha512-Ejh5Odk/uFXAj5nf/NSXk0UamqcGAfOdHI7nY0zvCHyn4f3nKLFoUTp+lYxDxSih/40uW8lpwDplOWHdWkQXWA=="],

    "npm/minimist": ["minimist@1.2.8", "", {}, "sha512-2yyAR8qBkN3YuheJanUpWC5U3bb5osDywNB8RzDVlDwDHbocAJveqqj1u8+SVD7jkWT4yvsHCpWqqWqAxb0zCA=="],

    "npm/mkdirp": ["mkdirp@0.5.6", "", { "dependencies": { "minimist": "^1.2.6" }, "bundled": true, "bin": { "mkdirp": "bin/cmd.js" } }, "sha512-FP+p8RB8OWpF3YZBCrP5gtADmtXApB5AMLn+vdyA+PyxCjrCs00mjyUozssO33cwDeT3wNGdLxJ5M//YqtHAJw=="],

    "npm/mute-stream": ["mute-stream@0.0.8", "", {}, "sha512-nnbWWOkoWyUsTjKrhgD0dcz22mdkSnpYqbEjIm2nhwhuxlSkpywJmBo8h0ZqJdkp73mb90SssHkN4rsRaBAfAA=="],

    "npm/natives": ["natives@1.1.6", "", {}, "sha512-6+TDFewD4yxY14ptjKaS63GVdtKiES1pTPyxn9Jb0rBqPMZ7VcCiooEhPNsr+mqHtMGxa/5c/HhcC4uPEUw/nA=="],

    "npm/node-gyp": ["node-gyp@1.0.3", "", { "dependencies": { "fstream": "^1.0.0", "glob": "3 || 4", "graceful-fs": "3", "minimatch": "1", "mkdirp": "^0.5.0", "nopt": "2 || 3", "npmlog": "0 || 1", "osenv": "0", "request": "2", "rimraf": "2", "semver": "2.x || 3.x || 4", "tar": "^1.0.0", "which": "1" }, "bundled": true, "bin": { "node-gyp": "./bin/node-gyp.js" } }, "sha512-EAczurvxA48qitVXeP8TZdYw24OxVut9QkuGOjVqA5XgGj1Y3H0Qi8H4gxGsToAd8bnlYr0/GaAVvHO6aQJzAQ=="],

    "npm/node-uuid": ["node-uuid@1.4.8", "", { "bin": { "uuid": "./bin/uuid" } }, "sha512-TkCET/3rr9mUuRp+CpO7qfgT++aAxfDRaalQhwPFzI9BY/2rCDn6OfpZOVggi1AXfTPpfkTrg5f5WQx5G1uLxA=="],

    "npm/nopt": ["nopt@3.0.6", "", { "dependencies": { "abbrev": "1" }, "bundled": true, "bin": { "nopt": "./bin/nopt.js" } }, "sha512-4GUt3kSEYmk4ITxzB/b9vaIDfUVWN/Ml1Fwl11IlnIG2iaJ9O6WXZ9SrYM9NLI8OCBieN2Y8SWC2oJV0RQ7qYg=="],

    "npm/normalize-package-data": ["normalize-package-data@1.0.3", "", { "dependencies": { "github-url-from-git": "^1.3.0", "github-url-from-username-repo": "^1.0.0", "semver": "2 || 3 || 4" } }, "sha512-pyPVJAzFiaioifPIsJBEoKJ9YcPHz7UhckZ7wqhBztLLCu6NozkIDrN+frzrCwjXtfunXfaMWIDtcDhnbO8fWA=="],

    "npm/npm-cache-filename": ["npm-cache-filename@1.0.2", "", { "bundled": true }, "sha512-5v2y1KG06izpGvZJDSBR5q1Ej+NaPDO05yAAWBJE6+3eiId0R176Gz3Qc2vEmJnE+VGul84g6Qpq8fXzD82/JA=="],

    "npm/npm-install-checks": ["npm-install-checks@1.0.7", "", { "dependencies": { "npmlog": "0.1 || 1 || 2", "semver": "^2.3.0 || 3.x || 4 || 5" }, "bundled": true }, "sha512-IyaSpkt3NMXaXezbnHxwEZ6HBWpQFlKBUZ0ZEoUCyq3LoAaZEWJ2mchhJPauuvevhkvi8SNW67FiWZLpUhJ82w=="],

    "npm/npm-registry-client": ["npm-registry-client@2.0.7", "", { "dependencies": { "chownr": "0", "graceful-fs": "^3.0.0", "mkdirp": "^0.5.0", "npm-cache-filename": "^1.0.0", "request": "2 >=2.25.0", "retry": "0.6.0", "rimraf": "~2", "semver": "2 >=2.2.1", "slide": "~1.1.3" }, "optionalDependencies": { "npmlog": "" }, "bundled": true }, "sha512-+cNzbUojqVMRMlQiP/sUe/qGE4Ig1kTZ9UQTVgatVpi6mcVlpmNbZ0QgxVphzYrojiT2HUmU8yUlXLvWf2dvAQ=="],

    "npm/npm-user-validate": ["npm-user-validate@0.1.5", "", { "bundled": true }, "sha512-86IbFCunHe+6drSd71Aafs8H8xg55lHE9O1/6VS4s+OsBh53xEtQNY1lspkgoaO2b3hhfvDW2FA0eS47inrs1w=="],

    "npm/npmconf": ["npmconf@1.1.9", "", { "dependencies": { "config-chain": "~1.1.8", "inherits": "~2.0.0", "ini": "^1.2.0", "mkdirp": "^0.5.0", "nopt": "~3.0.1", "once": "~1.3.0", "osenv": "^0.1.0", "semver": "2", "uid-number": "0.0.5" }, "bundled": true }, "sha512-XVk1e7mKVJVIAHAF/BnsDt2V0a+KXbxZVvjq37BOwuPiJSVeXAzZbacLKG9wCk7Q/BuVaWbx8KljWyEa1w8MbQ=="],

    "npm/npmlog": ["npmlog@0.1.1", "", { "dependencies": { "ansi": "~0.3.0" }, "bundled": true }, "sha512-gEpnmIBogjDV2xuCNl7ooAkDYKnjiLyRcKTXbkg4sO2JZ8MDzo1VTKioUk7In4eedJ0fGzyasJ/f6P0ZKG4Wyg=="],

    "npm/oauth-sign": ["oauth-sign@0.4.0", "", {}, "sha512-vF36cbrUyfy7Yr6kTIzrj3RsuaPYeJKU3IUOC6MglfNTyiGT6leGvEVOa3UsSsgwBzfVfRnvMiMVyUnpXNqN8w=="],

    "npm/once": ["once@1.3.3", "", { "dependencies": { "wrappy": "1" }, "bundled": true }, "sha512-6vaNInhu+CHxtONf3zw3vq4SP2DOQhjBvIa3rNcG0+P7eKWlYH6Peu7rHizSloRU2EwMz6GraLieis9Ac9+p1w=="],

    "npm/opener": ["opener@1.3.0", "", { "bundled": true, "bin": { "opener": "opener.js" } }, "sha512-sBqelaOnn8SA+zefIj/VMXgIACr6URhyysMn2DEx2fTcbmyDbPf8wWs5rPgoR2SVRBk1oNYl8YE7LwV84FCJCg=="],

    "npm/os-homedir": ["os-homedir@1.0.2", "", {}, "sha512-B5JU3cabzk8c67mRRd3ECmROafjYMXbuzlwtqdM8IbS8ktlTix8aFGb2bAGKrSRIlnfKwovGUUr72JUPyOb6kQ=="],

    "npm/os-tmpdir": ["os-tmpdir@1.0.2", "", {}, "sha512-D2FR03Vir7FIu45XBY20mTb+/ZSWB00sjU9jdQXt83gDrI4Ztz5Fs7/yy74g2N5SVQY4xY1qDr4rNddwYRVX0g=="],

    "npm/osenv": ["osenv@0.1.5", "", { "dependencies": { "os-homedir": "^1.0.0", "os-tmpdir": "^1.0.0" }, "bundled": true }, "sha512-0CWcCECdMVc2Rw3U5w9ZjqX6ga6ubk1xDVKxtBQPK7wis/0F2r9T6k4ydGYhecl7YUBxBVxhL5oisPsNxAPe2g=="],

    "npm/path-is-inside": ["path-is-inside@1.0.2", "", { "bundled": true }, "sha512-DUWJr3+ULp4zXmol/SZkFf3JGsS9/SIv+Y3Rt93/UjPpDpklB5f1er4O3POIbUuUJ3FXgqte2Q7SrU6zAqwk8w=="],

    "npm/promzard": ["promzard@0.2.2", "", { "dependencies": { "read": "1" } }, "sha512-65Kn3xJFTnw9kVdigwlNZaw1+ekaLnBhit/ykUMVC2rkiA919pwQy8rdxSCewn1vHsPcutrKuZ4HhGSWhYLbog=="],

    "npm/proto-list": ["proto-list@1.2.4", "", {}, "sha512-vtK/94akxsTMhe0/cbfpR+syPuszcuwhqVjJq26CuNDgFGj682oRBXOP5MJpv2r7JtE8MsiepGIqvvOTBwn2vA=="],

    "npm/qs": ["qs@1.2.2", "", {}, "sha512-xEqT+49YIt+BdwQthXKTOkp7atENe6JqrGGerxBPiER6BArOIiVJtpZZYpWOpq2IOkTPVnDM8CgYvppFoJNwyQ=="],

    "npm/read": ["read@1.0.7", "", { "dependencies": { "mute-stream": "~0.0.4" }, "bundled": true }, "sha512-rSOKNYUmaxy0om1BNjMN4ezNT6VKK+2xF4GBhc81mkH7L60i6dp8qPYrkndNLT3QPphoII3maL9PVC9XmhHwVQ=="],

    "npm/read-installed": ["read-installed@2.0.7", "", { "dependencies": { "read-package-json": "1", "semver": "2 || 3", "slide": "~1.1.3", "util-extend": "^1.0.1" }, "optionalDependencies": { "graceful-fs": "2 || 3" }, "bundled": true }, "sha512-oHt7yCzmQuH0x6le9P7EXLhtecobsSacWu+s2TJlcu1jZuRfgMbnlJ6bAaXJVj1nBZCW05f5TrR4HaHsGRfslQ=="],

    "npm/read-package-json": ["read-package-json@1.2.7", "", { "dependencies": { "github-url-from-git": "^1.3.0", "github-url-from-username-repo": "~1.0.0", "glob": "^4.0.2", "lru-cache": "2", "normalize-package-data": "^1.0.0" }, "optionalDependencies": { "graceful-fs": "2 || 3" }, "bundled": true }, "sha512-RokEeVrPLuV6lzQ7MDQS6e2EQs6nr0t+JbyiCcYRE1PrNLTTR1pKBkQHYTJAcI5lbRk9wBRvebpBrNlxtIzZLA=="],

    "npm/readable-stream": ["readable-stream@1.0.34", "", { "dependencies": { "core-util-is": "~1.0.0", "inherits": "~2.0.1", "isarray": "0.0.1", "string_decoder": "~0.10.x" } }, "sha512-ok1qVCJuRkNmvebYikljxJA/UEsKwLl2nI1OmaqAu4/UE+h0wKCHok4XkL/gvi39OacXvw59RJUOFUkDib2rHg=="],

    "npm/request": ["request@2.42.0", "", { "dependencies": { "bl": "~0.9.0", "caseless": "~0.6.0", "forever-agent": "~0.5.0", "json-stringify-safe": "~5.0.0", "mime-types": "~1.0.1", "node-uuid": "~1.4.0", "qs": "~1.2.0", "tunnel-agent": "~0.4.0" }, "optionalDependencies": { "aws-sign2": "~0.5.0", "form-data": "~0.1.0", "hawk": "1.1.1", "http-signature": "~0.10.0", "oauth-sign": "~0.4.0", "stringstream": "~0.0.4", "tough-cookie": ">=0.12.0" }, "bundled": true }, "sha512-ZpqQyQWQ7AdVurjxpmP/fgpN3wAZBruO2GeD3zDijWmnqg3SYz9YY6uZC8tJF++IhZ/P2VZkZug/fFEshAkD6g=="],

    "npm/retry": ["retry@0.6.1", "", { "bundled": true }, "sha512-txv1qsctZq8ei9J/uCXgaKKFPjlBB0H2hvtnzw9rjKWFNUFtKh59WprXxpAeAey3/QeWwHdxMFqStPaOAgy+dA=="],

    "npm/rimraf": ["rimraf@2.2.8", "", { "bundled": true, "bin": { "rimraf": "./bin.js" } }, "sha512-R5KMKHnPAQaZMqLOsyuyUmcIjSeDm+73eoqQpaXA7AZ22BL+6C+1mcUscgOsNd8WVlJuvlgAPsegcx7pjlV0Dg=="],

    "npm/semver": ["semver@2.3.2", "", { "bundled": true, "bin": { "semver": "./bin/semver" } }, "sha512-abLdIKCosKfpnmhS52NCTjO4RiLspDfsn37prjzGrp9im5DPJOgh82Os92vtwGh6XdQryKI/7SREZnV+aqiXrA=="],

    "npm/set-blocking": ["set-blocking@2.0.0", "", {}, "sha512-KiKBS8AnWGEyLzofFfmvKwpdPzqiy16LvQfK3yv/fVH7Bj13/wl3JSR1J+rfgRE9q7xUJK4qvgS8raSOeLUehw=="],

    "npm/sha": ["sha@1.2.4", "", { "optionalDependencies": { "graceful-fs": "2 || 3", "readable-stream": "1.0" }, "bundled": true }, "sha512-wlZev1zu2VtY+AsdjnFUrtJw9+WJU4ETSlhXCamEjpy3ELpSJlJHpzQuaOf2lRJhefeCfRha4DjPYs7kQM2rPg=="],

    "npm/sigmund": ["sigmund@1.0.1", "", {}, "sha512-fCvEXfh6NWpm+YSuY2bpXb/VIihqWA6hLsgboC+0nl71Q7N7o2eaCW8mJa/NLvQhs6jpd3VZV4UiUQlV6+lc8g=="],

    "npm/signal-exit": ["signal-exit@3.0.7", "", {}, "sha512-wnD2ZE+l+SPC/uoS0vXeE9L1+0wuaMqKlfz9AMUo38JsyLSBWSFcHR1Rri62LZc12vLr1gb3jl7iwQhgwpAbGQ=="],

    "npm/slide": ["slide@1.1.6", "", { "bundled": true }, "sha512-NwrtjCg+lZoqhFU8fOwl4ay2ei8PaqCBOUV3/ektPY9trO1yQ1oXEfmHAhKArUVUr/hOHvy5f6AdP17dCM0zMw=="],

    "npm/sntp": ["sntp@0.2.4", "", { "dependencies": { "hoek": "0.9.x" } }, "sha512-bDLrKa/ywz65gCl+LmOiIhteP1bhEsAAzhfMedPoiHP3dyYnAevlaJshdqb9Yu0sRifyP/fRqSt8t+5qGIWlGQ=="],

    "npm/sorted-object": ["sorted-object@1.0.0", "", { "bundled": true }, "sha512-QtH2DSvbUvVTDNNfNt1oIzMWBqsCFG7buFJTK8Ah+35ZvbmKA0ZEigw5pPDfLrL/L2Ds84lD72JknOw7iZq7tw=="],

    "npm/string-width": ["string-width@4.2.3", "", { "dependencies": { "emoji-regex": "^8.0.0", "is-fullwidth-code-point": "^3.0.0", "strip-ansi": "^6.0.1" } }, "sha512-wKyQRQpjJ0sIp62ErSZdGsjMJWsap5oRNihHhu6G7JVO/9jIB6UyevL+tXuOqrng8j/cxKTWyWUwvSTriiZz/g=="],

    "npm/string_decoder": ["string_decoder@0.10.31", "", {}, "sha512-ev2QzSzWPYmy9GuqfIVildA4OdcGLeFZQrq5ys6RtiuF+RQQiZWr8TZNyAcuVXyQRYfEO+MsoB/1BuQVhOJuoQ=="],

    "npm/stringstream": ["stringstream@0.0.6", "", {}, "sha512-87GEBAkegbBcweToUrdzf3eLhWNg06FJTebl4BVJz/JgWy8CvEr9dRtX5qWphiynMSQlxxi+QqN0z5T32SLlhA=="],

    "npm/strip-ansi": ["strip-ansi@1.0.0", "", { "dependencies": { "ansi-regex": "^0.2.1" }, "bin": { "strip-ansi": "cli.js" } }, "sha512-3S8K1Sk1jMQRBBg/6snsargJuyOsZGPqQ/R2AWYjuaamfmW1Pvoaup1aO9aTp+eVHQwO8p9y4LACjes7yHaDPg=="],

    "npm/tar": ["tar@1.0.3", "", { "dependencies": { "block-stream": "*", "fstream": "^1.0.2", "inherits": "2" }, "bundled": true }, "sha512-/quI12ZS9lw9pGwkxXrSicTSwujEDJWdGLLlzRG6SR7Yih11Efy3paaKof6TUqf1emBIt3z/Ua5qFxpm9JCTbg=="],

    "npm/text-table": ["text-table@0.2.0", "", { "bundled": true }, "sha512-N+8UisAXDGk8PFXP4HAzVR9nbfmVJ3zYLAWiTIoqC5v5isinhr+r5uaO8+7r3BMfuNIufIsA7RdpVgacC2cSpw=="],

    "npm/tldts": ["tldts@7.0.28", "", { "dependencies": { "tldts-core": "^7.0.28" }, "bin": { "tldts": "bin/cli.js" } }, "sha512-+Zg3vWhRUv8B1maGSTFdev9mjoo8Etn2Ayfs4cnjlD3CsGkxXX4QyW3j2WJ0wdjYcYmy7Lx2RDsZMhgCWafKIw=="],

    "npm/tldts-core": ["tldts-core@7.0.28", "", {}, "sha512-7W5Efjhsc3chVdFhqtaU0KtK32J37Zcr9RKtID54nG+tIpcY79CQK/veYPODxtD/LJ4Lue66jvrQzIX2Z2/pUQ=="],

    "npm/tough-cookie": ["tough-cookie@6.0.1", "", { "dependencies": { "tldts": "^7.0.5" } }, "sha512-LktZQb3IeoUWB9lqR5EWTHgW/VTITCXg4D21M+lvybRVdylLrRMnqaIONLVb5mav8vM19m44HIcGq4qASeu2Qw=="],

    "npm/tunnel-agent": ["tunnel-agent@0.4.3", "", {}, "sha512-e0IoVDWx8SDHc/hwFTqJDQ7CCDTEeGhmcT9jkWJjoGQSpgBz20nAMr80E3Tpk7PatJ1b37DQDgJR3CNSzcMOZQ=="],

    "npm/uid-number": ["uid-number@0.0.5", "", { "bundled": true }, "sha512-ZiLtQrdrFvWVXW5wickjtHiyOkn+cG74B0r33DQ2vJuz12FsFO7dU2q0dumrrYk6ny4wl2Vjsodpxk0+Z10/rA=="],

    "npm/util-extend": ["util-extend@1.0.3", "", {}, "sha512-mLs5zAK+ctllYBj+iAQvlDCwoxU/WDOUaJkcFudeiAX6OajC6BKXJUa9a+tbtkC11dz2Ufb7h0lyvIOVn4LADA=="],

    "npm/wcwidth": ["wcwidth@1.0.1", "", { "dependencies": { "defaults": "^1.0.3" } }, "sha512-XHPEwS0q6TaxcvG85+8EYkbiCux2XtWG2mkc47Ng2A77BQu9+DqIOJldST4HgPkuea7dvKSj5VgX3P1d4rW8Tg=="],

    "npm/which": ["which@1.3.1", "", { "dependencies": { "isexe": "^2.0.0" }, "bundled": true, "bin": { "which": "./bin/which" } }, "sha512-HxJdYWq1MTIQbJ3nw0cqssHoTNU267KlrDuGZ1WYlxDStUtKUhOaJmh112/TZmHxxUfuJqPXSOm7tDyas0OSIQ=="],

    "npm/wide-align": ["wide-align@1.1.5", "", { "dependencies": { "string-width": "^1.0.2 || 2 || 3 || 4" } }, "sha512-eDMORYaPNZ4sQIuuYPDHdQvf4gyCF9rEEV/yPxGfwPkRodwEgiMUUXTx/dex+Me0wxx53S+NgUHaP7y3MGlDmg=="],

    "npm/wrappy": ["wrappy@1.0.2", "", {}, "sha512-l4Sp/DRseor9wL6EvV2+TuQn63dMkPjZ/sp9XkghTEbV9KlPS1xUsZ3u7/IQO4wxtcFB4bgpQPRcR3QCvezPcQ=="],

    "npm/cmd-shim/graceful-fs": ["graceful-fs@2.0.3", "", {}, "sha512-hcj/NTUWv+C3MbqrVb9F+aH6lvTwEHJdx2foBxlrVq5h6zE8Bfu4pv4CAAqbDcZrw/9Ak5lsRXlY9Ao8/F0Tuw=="],

    "npm/config-chain/ini": ["ini@1.3.8", "", {}, "sha512-JV/yugV2uzW5iMRSiZAyDtQd+nxtUnjeLt0acNdw98kKLrvuRVyB80tsREOE7yvGVgalhZ6RNXCmEHkUKBKxew=="],

    "npm/fstream/graceful-fs": ["graceful-fs@4.2.11", "", {}, "sha512-RbJ5/jmFcNNCcDV5o9eTnBLJ/HszWV0P73bc+Ff4nS/rJj+YaS6IGyiOL0VoBYX+l1Wrl3k63h/KrH+nhJ0XvQ=="],

    "npm/fstream-ignore/minimatch": ["minimatch@3.1.5", "", { "dependencies": { "brace-expansion": "^1.1.7" } }, "sha512-VgjWUsnnT6n+NUk6eZq77zeFdpW2LWDzP6zFGrCbHXiYNul5Dzqk2HHQ5uFH2DNW5Xbp8+jVzaeNt94ssEEl4w=="],

    "npm/gauge/signal-exit": ["signal-exit@4.1.0", "", {}, "sha512-bzyZ1e88w9O1iNJbKnOlvYTrWPDl46O1bG0D3XInv+9tkPrxrN8jUUTiFlDkkmKWgn1M6CfIA13SuGqOa9Korw=="],

    "npm/gauge/strip-ansi": ["strip-ansi@6.0.1", "", { "dependencies": { "ansi-regex": "^5.0.1" } }, "sha512-Y38VPSHcqkFrCpFnQ9vuSXmquuv5oXOKpGeT6aGrr3o3Gc9AlVa6JBfUSOCnbxGGZF+/0ooI7KrPuUSztUdU5A=="],

    "npm/npm-registry-client/npmlog": ["npmlog@7.0.1", "", { "dependencies": { "are-we-there-yet": "^4.0.0", "console-control-strings": "^1.1.0", "gauge": "^5.0.0", "set-blocking": "^2.0.0" } }, "sha512-uJ0YFk/mCQpLBt+bxN88AKd+gyqZvZDbtiNxk6Waqcj2aPRyfVx8ITawkyQynxUagInjdYT1+qj4NfA5KJJUxg=="],

    "npm/npm-registry-client/retry": ["retry@0.6.0", "", {}, "sha512-RgncoxLF1GqwAzTZs/K2YpZkWrdIYbXsmesdomi+iPilSzjUyr/wzNIuteoTVaWokzdwZIJ9NHRNQa/RUiOB2g=="],

    "npm/string-width/strip-ansi": ["strip-ansi@6.0.1", "", { "dependencies": { "ansi-regex": "^5.0.1" } }, "sha512-Y38VPSHcqkFrCpFnQ9vuSXmquuv5oXOKpGeT6aGrr3o3Gc9AlVa6JBfUSOCnbxGGZF+/0ooI7KrPuUSztUdU5A=="],

    "npm/gauge/strip-ansi/ansi-regex": ["ansi-regex@5.0.1", "", {}, "sha512-quJQXlTSUGL2LH9SUXo8VwsY4soanhgo6LNSm84E1LBcE8s3O0wpdiRzyR9z/ZZJMlMWv37qOOb9pdJlMUEKFQ=="],

    "npm/string-width/strip-ansi/ansi-regex": ["ansi-regex@5.0.1", "", {}, "sha512-quJQXlTSUGL2LH9SUXo8VwsY4soanhgo6LNSm84E1LBcE8s3O0wpdiRzyR9z/ZZJMlMWv37qOOb9pdJlMUEKFQ=="],
  }
}
